// !$*UTF8*$!
{
	archiveVersion = 1;
	classes = {
	};
	objectVersion = 56;
	objects = {

/* Begin PBXBuildFile section */
		FBBB60EA2ACED87D0016F21F /* ExampleApp.swift in Sources */ = {isa = PBXBuildFile; fileRef = FBBB60E92ACED87D0016F21F /* ExampleApp.swift */; };
		FBBB60EC2ACED87D0016F21F /* ContentView.swift in Sources */ = {isa = PBXBuildFile; fileRef = FBBB60EB2ACED87D0016F21F /* ContentView.swift */; };
		FBBB60EE2ACED87F0016F21F /* Assets.xcassets in Resources */ = {isa = PBXBuildFile; fileRef = FBBB60ED2ACED87F0016F21F /* Assets.xcassets */; };
		FBBB60F12ACED87F0016F21F /* Preview Assets.xcassets in Resources */ = {isa = PBXBuildFile; fileRef = FBBB60F02ACED87F0016F21F /* Preview Assets.xcassets */; };
		FBBB60FA2ACED8AA0016F21F /* ViewModel.swift in Sources */ = {isa = PBXBuildFile; fileRef = FBBB60F92ACED8AA0016F21F /* ViewModel.swift */; };
		FBBB60FC2ACED8B50016F21F /* UserNetwork.swift in Sources */ = {isa = PBXBuildFile; fileRef = FBBB60FB2ACED8B50016F21F /* UserNetwork.swift */; };
		FBBB61052ACED9030016F21F /* URLSessionable.swift in Sources */ = {isa = PBXBuildFile; fileRef = FBBB60FF2ACED8F90016F21F /* URLSessionable.swift */; };
		FBBB61062ACED9060016F21F /* NetworkMock.swift in Sources */ = {isa = PBXBuildFile; fileRef = FBBB61002ACED8F90016F21F /* NetworkMock.swift */; };
		FBBB61072ACED9080016F21F /* URLSessionMock.swift in Sources */ = {isa = PBXBuildFile; fileRef = FBBB61012ACED8F90016F21F /* URLSessionMock.swift */; };
		FBBB61082ACED90B0016F21F /* URLSession+.swift in Sources */ = {isa = PBXBuildFile; fileRef = FBBB61032ACED8F90016F21F /* URLSession+.swift */; };
		FBBB61092ACED90E0016F21F /* AnyPublisher+.swift in Sources */ = {isa = PBXBuildFile; fileRef = FBBB61042ACED8F90016F21F /* AnyPublisher+.swift */; };
		FBBB610B2ACED9C20016F21F /* User.swift in Sources */ = {isa = PBXBuildFile; fileRef = FBBB610A2ACED9C20016F21F /* User.swift */; };
/* End PBXBuildFile section */

/* Begin PBXFileReference section */
		FBBB60E62ACED87D0016F21F /* Example.app */ = {isa = PBXFileReference; explicitFileType = wrapper.application; includeInIndex = 0; path = Example.app; sourceTree = BUILT_PRODUCTS_DIR; };
		FBBB60E92ACED87D0016F21F /* ExampleApp.swift */ = {isa = PBXFileReference; lastKnownFileType = sourcecode.swift; path = ExampleApp.swift; sourceTree = "<group>"; };
		FBBB60EB2ACED87D0016F21F /* ContentView.swift */ = {isa = PBXFileReference; lastKnownFileType = sourcecode.swift; path = ContentView.swift; sourceTree = "<group>"; };
		FBBB60ED2ACED87F0016F21F /* Assets.xcassets */ = {isa = PBXFileReference; lastKnownFileType = folder.assetcatalog; path = Assets.xcassets; sourceTree = "<group>"; };
		FBBB60F02ACED87F0016F21F /* Preview Assets.xcassets */ = {isa = PBXFileReference; lastKnownFileType = folder.assetcatalog; path = "Preview Assets.xcassets"; sourceTree = "<group>"; };
		FBBB60F92ACED8AA0016F21F /* ViewModel.swift */ = {isa = PBXFileReference; lastKnownFileType = sourcecode.swift; path = ViewModel.swift; sourceTree = "<group>"; };
		FBBB60FB2ACED8B50016F21F /* UserNetwork.swift */ = {isa = PBXFileReference; lastKnownFileType = sourcecode.swift; path = UserNetwork.swift; sourceTree = "<group>"; };
		FBBB60FF2ACED8F90016F21F /* URLSessionable.swift */ = {isa = PBXFileReference; lastKnownFileType = sourcecode.swift; path = URLSessionable.swift; sourceTree = "<group>"; };
		FBBB61002ACED8F90016F21F /* NetworkMock.swift */ = {isa = PBXFileReference; lastKnownFileType = sourcecode.swift; path = NetworkMock.swift; sourceTree = "<group>"; };
		FBBB61012ACED8F90016F21F /* URLSessionMock.swift */ = {isa = PBXFileReference; lastKnownFileType = sourcecode.swift; path = URLSessionMock.swift; sourceTree = "<group>"; };
		FBBB61032ACED8F90016F21F /* URLSession+.swift */ = {isa = PBXFileReference; lastKnownFileType = sourcecode.swift; path = "URLSession+.swift"; sourceTree = "<group>"; };
		FBBB61042ACED8F90016F21F /* AnyPublisher+.swift */ = {isa = PBXFileReference; lastKnownFileType = sourcecode.swift; path = "AnyPublisher+.swift"; sourceTree = "<group>"; };
		FBBB610A2ACED9C20016F21F /* User.swift */ = {isa = PBXFileReference; lastKnownFileType = sourcecode.swift; path = User.swift; sourceTree = "<group>"; };
/* End PBXFileReference section */

/* Begin PBXFrameworksBuildPhase section */
		FBBB60E32ACED87D0016F21F /* Frameworks */ = {
			isa = PBXFrameworksBuildPhase;
			buildActionMask = 2147483647;
			files = (
			);
			runOnlyForDeploymentPostprocessing = 0;
		};
/* End PBXFrameworksBuildPhase section */

/* Begin PBXGroup section */
		FBBB60DD2ACED87D0016F21F = {
			isa = PBXGroup;
			children = (
				FBBB60E82ACED87D0016F21F /* Example */,
				FBBB60E72ACED87D0016F21F /* Products */,
			);
			sourceTree = "<group>";
		};
		FBBB60E72ACED87D0016F21F /* Products */ = {
			isa = PBXGroup;
			children = (
				FBBB60E62ACED87D0016F21F /* Example.app */,
			);
			name = Products;
			sourceTree = "<group>";
		};
		FBBB60E82ACED87D0016F21F /* Example */ = {
			isa = PBXGroup;
			children = (
				FBBB60FD2ACED8F90016F21F /* MightyCombine */,
				FBBB60E92ACED87D0016F21F /* ExampleApp.swift */,
				FBBB60EB2ACED87D0016F21F /* ContentView.swift */,
				FBBB60F92ACED8AA0016F21F /* ViewModel.swift */,
				FBBB60FB2ACED8B50016F21F /* UserNetwork.swift */,
				FBBB610A2ACED9C20016F21F /* User.swift */,
				FBBB60ED2ACED87F0016F21F /* Assets.xcassets */,
				FBBB60EF2ACED87F0016F21F /* Preview Content */,
			);
			path = Example;
			sourceTree = "<group>";
		};
		FBBB60EF2ACED87F0016F21F /* Preview Content */ = {
			isa = PBXGroup;
			children = (
				FBBB60F02ACED87F0016F21F /* Preview Assets.xcassets */,
			);
			path = "Preview Content";
			sourceTree = "<group>";
		};
		FBBB60FD2ACED8F90016F21F /* MightyCombine */ = {
			isa = PBXGroup;
			children = (
				FBBB60FE2ACED8F90016F21F /* Network */,
				FBBB61022ACED8F90016F21F /* Extensions */,
			);
			path = MightyCombine;
			sourceTree = "<group>";
		};
		FBBB60FE2ACED8F90016F21F /* Network */ = {
			isa = PBXGroup;
			children = (
				FBBB60FF2ACED8F90016F21F /* URLSessionable.swift */,
				FBBB61002ACED8F90016F21F /* NetworkMock.swift */,
				FBBB61012ACED8F90016F21F /* URLSessionMock.swift */,
			);
			path = Network;
			sourceTree = "<group>";
		};
		FBBB61022ACED8F90016F21F /* Extensions */ = {
			isa = PBXGroup;
			children = (
				FBBB61032ACED8F90016F21F /* URLSession+.swift */,
				FBBB61042ACED8F90016F21F /* AnyPublisher+.swift */,
			);
			path = Extensions;
			sourceTree = "<group>";
		};
/* End PBXGroup section */

/* Begin PBXNativeTarget section */
		FBBB60E52ACED87D0016F21F /* Example */ = {
			isa = PBXNativeTarget;
			buildConfigurationList = FBBB60F42ACED87F0016F21F /* Build configuration list for PBXNativeTarget "Example" */;
			buildPhases = (
				FBBB60E22ACED87D0016F21F /* Sources */,
				FBBB60E32ACED87D0016F21F /* Frameworks */,
				FBBB60E42ACED87D0016F21F /* Resources */,
			);
			buildRules = (
			);
			dependencies = (
			);
			name = Example;
			productName = Example;
			productReference = FBBB60E62ACED87D0016F21F /* Example.app */;
			productType = "com.apple.product-type.application";
		};
/* End PBXNativeTarget section */

/* Begin PBXProject section */
		FBBB60DE2ACED87D0016F21F /* Project object */ = {
			isa = PBXProject;
			attributes = {
				BuildIndependentTargetsInParallel = 1;
				LastSwiftUpdateCheck = 1500;
				LastUpgradeCheck = 1500;
				TargetAttributes = {
					FBBB60E52ACED87D0016F21F = {
						CreatedOnToolsVersion = 15.0;
					};
				};
			};
			buildConfigurationList = FBBB60E12ACED87D0016F21F /* Build configuration list for PBXProject "Example" */;
			compatibilityVersion = "Xcode 14.0";
			developmentRegion = en;
			hasScannedForEncodings = 0;
			knownRegions = (
				en,
				Base,
			);
			mainGroup = FBBB60DD2ACED87D0016F21F;
			productRefGroup = FBBB60E72ACED87D0016F21F /* Products */;
			projectDirPath = "";
			projectRoot = "";
			targets = (
				FBBB60E52ACED87D0016F21F /* Example */,
			);
		};
/* End PBXProject section */

/* Begin PBXResourcesBuildPhase section */
		FBBB60E42ACED87D0016F21F /* Resources */ = {
			isa = PBXResourcesBuildPhase;
			buildActionMask = 2147483647;
			files = (
				FBBB60F12ACED87F0016F21F /* Preview Assets.xcassets in Resources */,
				FBBB60EE2ACED87F0016F21F /* Assets.xcassets in Resources */,
			);
			runOnlyForDeploymentPostprocessing = 0;
		};
/* End PBXResourcesBuildPhase section */

/* Begin PBXSourcesBuildPhase section */
		FBBB60E22ACED87D0016F21F /* Sources */ = {
			isa = PBXSourcesBuildPhase;
			buildActionMask = 2147483647;
			files = (
				FBBB61092ACED90E0016F21F /* AnyPublisher+.swift in Sources */,
				FBBB60EC2ACED87D0016F21F /* ContentView.swift in Sources */,
				FBBB61052ACED9030016F21F /* URLSessionable.swift in Sources */,
				FBBB61062ACED9060016F21F /* NetworkMock.swift in Sources */,
				FBBB60FC2ACED8B50016F21F /* UserNetwork.swift in Sources */,
				FBBB60FA2ACED8AA0016F21F /* ViewModel.swift in Sources */,
				FBBB60EA2ACED87D0016F21F /* ExampleApp.swift in Sources */,
				FBBB61082ACED90B0016F21F /* URLSession+.swift in Sources */,
				FBBB610B2ACED9C20016F21F /* User.swift in Sources */,
				FBBB61072ACED9080016F21F /* URLSessionMock.swift in Sources */,
			);
			runOnlyForDeploymentPostprocessing = 0;
		};
/* End PBXSourcesBuildPhase section */

/* Begin XCBuildConfiguration section */
		FBBB60F22ACED87F0016F21F /* Debug */ = {
			isa = XCBuildConfiguration;
			buildSettings = {
				ALWAYS_SEARCH_USER_PATHS = NO;
				ASSETCATALOG_COMPILER_GENERATE_SWIFT_ASSET_SYMBOL_EXTENSIONS = YES;
				CLANG_ANALYZER_NONNULL = YES;
				CLANG_ANALYZER_NUMBER_OBJECT_CONVERSION = YES_AGGRESSIVE;
				CLANG_CXX_LANGUAGE_STANDARD = "gnu++20";
				CLANG_ENABLE_MODULES = YES;
				CLANG_ENABLE_OBJC_ARC = YES;
				CLANG_ENABLE_OBJC_WEAK = YES;
				CLANG_WARN_BLOCK_CAPTURE_AUTORELEASING = YES;
				CLANG_WARN_BOOL_CONVERSION = YES;
				CLANG_WARN_COMMA = YES;
				CLANG_WARN_CONSTANT_CONVERSION = YES;
				CLANG_WARN_DEPRECATED_OBJC_IMPLEMENTATIONS = YES;
				CLANG_WARN_DIRECT_OBJC_ISA_USAGE = YES_ERROR;
				CLANG_WARN_DOCUMENTATION_COMMENTS = YES;
				CLANG_WARN_EMPTY_BODY = YES;
				CLANG_WARN_ENUM_CONVERSION = YES;
				CLANG_WARN_INFINITE_RECURSION = YES;
				CLANG_WARN_INT_CONVERSION = YES;
				CLANG_WARN_NON_LITERAL_NULL_CONVERSION = YES;
				CLANG_WARN_OBJC_IMPLICIT_RETAIN_SELF = YES;
				CLANG_WARN_OBJC_LITERAL_CONVERSION = YES;
				CLANG_WARN_OBJC_ROOT_CLASS = YES_ERROR;
				CLANG_WARN_QUOTED_INCLUDE_IN_FRAMEWORK_HEADER = YES;
				CLANG_WARN_RANGE_LOOP_ANALYSIS = YES;
				CLANG_WARN_STRICT_PROTOTYPES = YES;
				CLANG_WARN_SUSPICIOUS_MOVE = YES;
				CLANG_WARN_UNGUARDED_AVAILABILITY = YES_AGGRESSIVE;
				CLANG_WARN_UNREACHABLE_CODE = YES;
				CLANG_WARN__DUPLICATE_METHOD_MATCH = YES;
				COPY_PHASE_STRIP = NO;
				DEBUG_INFORMATION_FORMAT = dwarf;
				ENABLE_STRICT_OBJC_MSGSEND = YES;
				ENABLE_TESTABILITY = YES;
				ENABLE_USER_SCRIPT_SANDBOXING = YES;
				GCC_C_LANGUAGE_STANDARD = gnu17;
				GCC_DYNAMIC_NO_PIC = NO;
				GCC_NO_COMMON_BLOCKS = YES;
				GCC_OPTIMIZATION_LEVEL = 0;
				GCC_PREPROCESSOR_DEFINITIONS = (
					"DEBUG=1",
					"$(inherited)",
				);
				GCC_WARN_64_TO_32_BIT_CONVERSION = YES;
				GCC_WARN_ABOUT_RETURN_TYPE = YES_ERROR;
				GCC_WARN_UNDECLARED_SELECTOR = YES;
				GCC_WARN_UNINITIALIZED_AUTOS = YES_AGGRESSIVE;
				GCC_WARN_UNUSED_FUNCTION = YES;
				GCC_WARN_UNUSED_VARIABLE = YES;
				IPHONEOS_DEPLOYMENT_TARGET = 17.0;
				LOCALIZATION_PREFERS_STRING_CATALOGS = YES;
				MTL_ENABLE_DEBUG_INFO = INCLUDE_SOURCE;
				MTL_FAST_MATH = YES;
				ONLY_ACTIVE_ARCH = YES;
				SDKROOT = iphoneos;
				SWIFT_ACTIVE_COMPILATION_CONDITIONS = "DEBUG $(inherited)";
				SWIFT_OPTIMIZATION_LEVEL = "-Onone";
			};
			name = Debug;
		};
		FBBB60F32ACED87F0016F21F /* Release */ = {
			isa = XCBuildConfiguration;
			buildSettings = {
				ALWAYS_SEARCH_USER_PATHS = NO;
				ASSETCATALOG_COMPILER_GENERATE_SWIFT_ASSET_SYMBOL_EXTENSIONS = YES;
				CLANG_ANALYZER_NONNULL = YES;
				CLANG_ANALYZER_NUMBER_OBJECT_CONVERSION = YES_AGGRESSIVE;
				CLANG_CXX_LANGUAGE_STANDARD = "gnu++20";
				CLANG_ENABLE_MODULES = YES;
				CLANG_ENABLE_OBJC_ARC = YES;
				CLANG_ENABLE_OBJC_WEAK = YES;
				CLANG_WARN_BLOCK_CAPTURE_AUTORELEASING = YES;
				CLANG_WARN_BOOL_CONVERSION = YES;
				CLANG_WARN_COMMA = YES;
				CLANG_WARN_CONSTANT_CONVERSION = YES;
				CLANG_WARN_DEPRECATED_OBJC_IMPLEMENTATIONS = YES;
				CLANG_WARN_DIRECT_OBJC_ISA_USAGE = YES_ERROR;
				CLANG_WARN_DOCUMENTATION_COMMENTS = YES;
				CLANG_WARN_EMPTY_BODY = YES;
				CLANG_WARN_ENUM_CONVERSION = YES;
				CLANG_WARN_INFINITE_RECURSION = YES;
				CLANG_WARN_INT_CONVERSION = YES;
				CLANG_WARN_NON_LITERAL_NULL_CONVERSION = YES;
				CLANG_WARN_OBJC_IMPLICIT_RETAIN_SELF = YES;
				CLANG_WARN_OBJC_LITERAL_CONVERSION = YES;
				CLANG_WARN_OBJC_ROOT_CLASS = YES_ERROR;
				CLANG_WARN_QUOTED_INCLUDE_IN_FRAMEWORK_HEADER = YES;
				CLANG_WARN_RANGE_LOOP_ANALYSIS = YES;
				CLANG_WARN_STRICT_PROTOTYPES = YES;
				CLANG_WARN_SUSPICIOUS_MOVE = YES;
				CLANG_WARN_UNGUARDED_AVAILABILITY = YES_AGGRESSIVE;
				CLANG_WARN_UNREACHABLE_CODE = YES;
				CLANG_WARN__DUPLICATE_METHOD_MATCH = YES;
				COPY_PHASE_STRIP = NO;
				DEBUG_INFORMATION_FORMAT = "dwarf-with-dsym";
				ENABLE_NS_ASSERTIONS = NO;
				ENABLE_STRICT_OBJC_MSGSEND = YES;
				ENABLE_USER_SCRIPT_SANDBOXING = YES;
				GCC_C_LANGUAGE_STANDARD = gnu17;
				GCC_NO_COMMON_BLOCKS = YES;
				GCC_WARN_64_TO_32_BIT_CONVERSION = YES;
				GCC_WARN_ABOUT_RETURN_TYPE = YES_ERROR;
				GCC_WARN_UNDECLARED_SELECTOR = YES;
				GCC_WARN_UNINITIALIZED_AUTOS = YES_AGGRESSIVE;
				GCC_WARN_UNUSED_FUNCTION = YES;
				GCC_WARN_UNUSED_VARIABLE = YES;
				IPHONEOS_DEPLOYMENT_TARGET = 17.0;
				LOCALIZATION_PREFERS_STRING_CATALOGS = YES;
				MTL_ENABLE_DEBUG_INFO = NO;
				MTL_FAST_MATH = YES;
				SDKROOT = iphoneos;
				SWIFT_COMPILATION_MODE = wholemodule;
				VALIDATE_PRODUCT = YES;
			};
			name = Release;
		};
		FBBB60F52ACED87F0016F21F /* Debug */ = {
			isa = XCBuildConfiguration;
			buildSettings = {
				ASSETCATALOG_COMPILER_APPICON_NAME = AppIcon;
				ASSETCATALOG_COMPILER_GLOBAL_ACCENT_COLOR_NAME = AccentColor;
				CODE_SIGN_STYLE = Automatic;
				CURRENT_PROJECT_VERSION = 1;
				DEVELOPMENT_ASSET_PATHS = "\"Example/Preview Content\"";
				DEVELOPMENT_TEAM = 76AJ433CP5;
				ENABLE_PREVIEWS = YES;
				GENERATE_INFOPLIST_FILE = YES;
				INFOPLIST_KEY_UIApplicationSceneManifest_Generation = YES;
				INFOPLIST_KEY_UIApplicationSupportsIndirectInputEvents = YES;
				INFOPLIST_KEY_UILaunchScreen_Generation = YES;
				INFOPLIST_KEY_UISupportedInterfaceOrientations_iPad = "UIInterfaceOrientationPortrait UIInterfaceOrientationPortraitUpsideDown UIInterfaceOrientationLandscapeLeft UIInterfaceOrientationLandscapeRight";
				INFOPLIST_KEY_UISupportedInterfaceOrientations_iPhone = "UIInterfaceOrientationPortrait UIInterfaceOrientationLandscapeLeft UIInterfaceOrientationLandscapeRight";
				LD_RUNPATH_SEARCH_PATHS = (
					"$(inherited)",
					"@executable_path/Frameworks",
				);
				MARKETING_VERSION = 1.0;
				PRODUCT_BUNDLE_IDENTIFIER = kim.Example;
				PRODUCT_NAME = "$(TARGET_NAME)";
				SWIFT_EMIT_LOC_STRINGS = YES;
				SWIFT_VERSION = 5.0;
				TARGETED_DEVICE_FAMILY = "1,2";
			};
			name = Debug;
		};
		FBBB60F62ACED87F0016F21F /* Release */ = {
			isa = XCBuildConfiguration;
			buildSettings = {
				ASSETCATALOG_COMPILER_APPICON_NAME = AppIcon;
				ASSETCATALOG_COMPILER_GLOBAL_ACCENT_COLOR_NAME = AccentColor;
				CODE_SIGN_STYLE = Automatic;
				CURRENT_PROJECT_VERSION = 1;
				DEVELOPMENT_ASSET_PATHS = "\"Example/Preview Content\"";
				DEVELOPMENT_TEAM = 76AJ433CP5;
				ENABLE_PREVIEWS = YES;
				GENERATE_INFOPLIST_FILE = YES;
				INFOPLIST_KEY_UIApplicationSceneManifest_Generation = YES;
				INFOPLIST_KEY_UIApplicationSupportsIndirectInputEvents = YES;
				INFOPLIST_KEY_UILaunchScreen_Generation = YES;
				INFOPLIST_KEY_UISupportedInterfaceOrientations_iPad = "UIInterfaceOrientationPortrait UIInterfaceOrientationPortraitUpsideDown UIInterfaceOrientationLandscapeLeft UIInterfaceOrientationLandscapeRight";
				INFOPLIST_KEY_UISupportedInterfaceOrientations_iPhone = "UIInterfaceOrientationPortrait UIInterfaceOrientationLandscapeLeft UIInterfaceOrientationLandscapeRight";
				LD_RUNPATH_SEARCH_PATHS = (
					"$(inherited)",
					"@executable_path/Frameworks",
				);
				MARKETING_VERSION = 1.0;
				PRODUCT_BUNDLE_IDENTIFIER = kim.Example;
				PRODUCT_NAME = "$(TARGET_NAME)";
				SWIFT_EMIT_LOC_STRINGS = YES;
				SWIFT_VERSION = 5.0;
				TARGETED_DEVICE_FAMILY = "1,2";
			};
			name = Release;
		};
/* End XCBuildConfiguration section */

/* Begin XCConfigurationList section */
		FBBB60E12ACED87D0016F21F /* Build configuration list for PBXProject "Example" */ = {
			isa = XCConfigurationList;
			buildConfigurations = (
				FBBB60F22ACED87F0016F21F /* Debug */,
				FBBB60F32ACED87F0016F21F /* Release */,
			);
			defaultConfigurationIsVisible = 0;
			defaultConfigurationName = Release;
		};
		FBBB60F42ACED87F0016F21F /* Build configuration list for PBXNativeTarget "Example" */ = {
			isa = XCConfigurationList;
			buildConfigurations = (
				FBBB60F52ACED87F0016F21F /* Debug */,
				FBBB60F62ACED87F0016F21F /* Release */,
			);
			defaultConfigurationIsVisible = 0;
			defaultConfigurationName = Release;
		};
/* End XCConfigurationList section */
	};
	rootObject = FBBB60DE2ACED87D0016F21F /* Project object */;
}
